// !$*UTF8*$!
{
	archiveVersion = 1;
	classes = {
	};
	objectVersion = 46;
	objects = {

/* Begin PBXBuildFile section */
		9A06EE341C3133A3009AB571 /* SDGalleryTransition.m in Sources */ = {isa = PBXBuildFile; fileRef = 9A06EE331C3133A3009AB571 /* SDGalleryTransition.m */; };
		9A886B071C30430800C146C6 /* main.m in Sources */ = {isa = PBXBuildFile; fileRef = 9A886B061C30430800C146C6 /* main.m */; };
		9A886B0A1C30430800C146C6 /* AppDelegate.m in Sources */ = {isa = PBXBuildFile; fileRef = 9A886B091C30430800C146C6 /* AppDelegate.m */; };
		9A886B0D1C30430800C146C6 /* ViewController.m in Sources */ = {isa = PBXBuildFile; fileRef = 9A886B0C1C30430800C146C6 /* ViewController.m */; };
		9A886B101C30430800C146C6 /* Main.storyboard in Resources */ = {isa = PBXBuildFile; fileRef = 9A886B0E1C30430800C146C6 /* Main.storyboard */; };
		9A886B121C30430800C146C6 /* Assets.xcassets in Resources */ = {isa = PBXBuildFile; fileRef = 9A886B111C30430800C146C6 /* Assets.xcassets */; };
		9A886B151C30430800C146C6 /* LaunchScreen.storyboard in Resources */ = {isa = PBXBuildFile; fileRef = 9A886B131C30430800C146C6 /* LaunchScreen.storyboard */; };
		9A886B1E1C30432A00C146C6 /* SDGallery.m in Sources */ = {isa = PBXBuildFile; fileRef = 9A886B1D1C30432A00C146C6 /* SDGallery.m */; };
		9A886B211C30450100C146C6 /* SDGalleryCell.m in Sources */ = {isa = PBXBuildFile; fileRef = 9A886B201C30450100C146C6 /* SDGalleryCell.m */; };
/* End PBXBuildFile section */

/* Begin PBXFileReference section */
		9A06EE321C3133A3009AB571 /* SDGalleryTransition.h */ = {isa = PBXFileReference; fileEncoding = 4; lastKnownFileType = sourcecode.c.h; path = SDGalleryTransition.h; sourceTree = "<group>"; };
		9A06EE331C3133A3009AB571 /* SDGalleryTransition.m */ = {isa = PBXFileReference; fileEncoding = 4; lastKnownFileType = sourcecode.c.objc; path = SDGalleryTransition.m; sourceTree = "<group>"; };
		9A886B021C30430800C146C6 /* SDGallery.app */ = {isa = PBXFileReference; explicitFileType = wrapper.application; includeInIndex = 0; path = SDGallery.app; sourceTree = BUILT_PRODUCTS_DIR; };
		9A886B061C30430800C146C6 /* main.m */ = {isa = PBXFileReference; lastKnownFileType = sourcecode.c.objc; path = main.m; sourceTree = "<group>"; };
		9A886B081C30430800C146C6 /* AppDelegate.h */ = {isa = PBXFileReference; lastKnownFileType = sourcecode.c.h; path = AppDelegate.h; sourceTree = "<group>"; };
		9A886B091C30430800C146C6 /* AppDelegate.m */ = {isa = PBXFileReference; lastKnownFileType = sourcecode.c.objc; path = AppDelegate.m; sourceTree = "<group>"; };
		9A886B0B1C30430800C146C6 /* ViewController.h */ = {isa = PBXFileReference; lastKnownFileType = sourcecode.c.h; path = ViewController.h; sourceTree = "<group>"; };
		9A886B0C1C30430800C146C6 /* ViewController.m */ = {isa = PBXFileReference; lastKnownFileType = sourcecode.c.objc; path = ViewController.m; sourceTree = "<group>"; };
		9A886B0F1C30430800C146C6 /* Base */ = {isa = PBXFileReference; lastKnownFileType = file.storyboard; name = Base; path = Base.lproj/Main.storyboard; sourceTree = "<group>"; };
		9A886B111C30430800C146C6 /* Assets.xcassets */ = {isa = PBXFileReference; lastKnownFileType = folder.assetcatalog; path = Assets.xcassets; sourceTree = "<group>"; };
		9A886B141C30430800C146C6 /* Base */ = {isa = PBXFileReference; lastKnownFileType = file.storyboard; name = Base; path = Base.lproj/LaunchScreen.storyboard; sourceTree = "<group>"; };
		9A886B161C30430800C146C6 /* Info.plist */ = {isa = PBXFileReference; lastKnownFileType = text.plist.xml; path = Info.plist; sourceTree = "<group>"; };
		9A886B1C1C30432A00C146C6 /* SDGallery.h */ = {isa = PBXFileReference; fileEncoding = 4; lastKnownFileType = sourcecode.c.h; path = SDGallery.h; sourceTree = "<group>"; };
		9A886B1D1C30432A00C146C6 /* SDGallery.m */ = {isa = PBXFileReference; fileEncoding = 4; lastKnownFileType = sourcecode.c.objc; path = SDGallery.m; sourceTree = "<group>"; };
		9A886B1F1C30450100C146C6 /* SDGalleryCell.h */ = {isa = PBXFileReference; fileEncoding = 4; lastKnownFileType = sourcecode.c.h; path = SDGalleryCell.h; sourceTree = "<group>"; };
		9A886B201C30450100C146C6 /* SDGalleryCell.m */ = {isa = PBXFileReference; fileEncoding = 4; lastKnownFileType = sourcecode.c.objc; path = SDGalleryCell.m; sourceTree = "<group>"; };
/* End PBXFileReference section */

/* Begin PBXFrameworksBuildPhase section */
		9A886AFF1C30430800C146C6 /* Frameworks */ = {
			isa = PBXFrameworksBuildPhase;
			buildActionMask = 2147483647;
			files = (
			);
			runOnlyForDeploymentPostprocessing = 0;
		};
/* End PBXFrameworksBuildPhase section */

/* Begin PBXGroup section */
		9A5CC7191C308D80003546ED /* SDGallery Source */ = {
			isa = PBXGroup;
			children = (
				9A886B1C1C30432A00C146C6 /* SDGallery.h */,
				9A886B1D1C30432A00C146C6 /* SDGallery.m */,
				9A886B1F1C30450100C146C6 /* SDGalleryCell.h */,
				9A886B201C30450100C146C6 /* SDGalleryCell.m */,
				9A06EE321C3133A3009AB571 /* SDGalleryTransition.h */,
				9A06EE331C3133A3009AB571 /* SDGalleryTransition.m */,
			);
			name = "SDGallery Source";
			path = SDGallery;
			sourceTree = "<group>";
		};
		9A886AF91C30430800C146C6 = {
			isa = PBXGroup;
			children = (
				9A5CC7191C308D80003546ED /* SDGallery Source */,
				9A886B041C30430800C146C6 /* SDGallery */,
				9A886B031C30430800C146C6 /* Products */,
			);
			sourceTree = "<group>";
		};
		9A886B031C30430800C146C6 /* Products */ = {
			isa = PBXGroup;
			children = (
				9A886B021C30430800C146C6 /* SDGallery.app */,
			);
			name = Products;
			sourceTree = "<group>";
		};
		9A886B041C30430800C146C6 /* SDGallery */ = {
			isa = PBXGroup;
			children = (
				9A886B081C30430800C146C6 /* AppDelegate.h */,
				9A886B091C30430800C146C6 /* AppDelegate.m */,
				9A886B0B1C30430800C146C6 /* ViewController.h */,
				9A886B0C1C30430800C146C6 /* ViewController.m */,
				9A886B0E1C30430800C146C6 /* Main.storyboard */,
				9A886B111C30430800C146C6 /* Assets.xcassets */,
				9A886B131C30430800C146C6 /* LaunchScreen.storyboard */,
				9A886B161C30430800C146C6 /* Info.plist */,
				9A886B051C30430800C146C6 /* Supporting Files */,
			);
			path = SDGallery;
			sourceTree = "<group>";
		};
		9A886B051C30430800C146C6 /* Supporting Files */ = {
			isa = PBXGroup;
			children = (
				9A886B061C30430800C146C6 /* main.m */,
			);
			name = "Supporting Files";
			sourceTree = "<group>";
		};
/* End PBXGroup section */

/* Begin PBXNativeTarget section */
		9A886B011C30430800C146C6 /* SDGallery */ = {
			isa = PBXNativeTarget;
			buildConfigurationList = 9A886B191C30430800C146C6 /* Build configuration list for PBXNativeTarget "SDGallery" */;
			buildPhases = (
				9A886AFE1C30430800C146C6 /* Sources */,
				9A886AFF1C30430800C146C6 /* Frameworks */,
				9A886B001C30430800C146C6 /* Resources */,
			);
			buildRules = (
			);
			dependencies = (
			);
			name = SDGallery;
			productName = SDGallery;
			productReference = 9A886B021C30430800C146C6 /* SDGallery.app */;
			productType = "com.apple.product-type.application";
		};
/* End PBXNativeTarget section */

/* Begin PBXProject section */
		9A886AFA1C30430800C146C6 /* Project object */ = {
			isa = PBXProject;
			attributes = {
				LastUpgradeCheck = 0720;
				ORGANIZATIONNAME = "Sebastian Dobrincu";
				TargetAttributes = {
					9A886B011C30430800C146C6 = {
						CreatedOnToolsVersion = 7.2;
					};
				};
			};
			buildConfigurationList = 9A886AFD1C30430800C146C6 /* Build configuration list for PBXProject "SDGallery" */;
			compatibilityVersion = "Xcode 3.2";
			developmentRegion = English;
			hasScannedForEncodings = 0;
			knownRegions = (
				en,
				Base,
			);
			mainGroup = 9A886AF91C30430800C146C6;
			productRefGroup = 9A886B031C30430800C146C6 /* Products */;
			projectDirPath = "";
			projectRoot = "";
			targets = (
				9A886B011C30430800C146C6 /* SDGallery */,
			);
		};
/* End PBXProject section */

/* Begin PBXResourcesBuildPhase section */
		9A886B001C30430800C146C6 /* Resources */ = {
			isa = PBXResourcesBuildPhase;
			buildActionMask = 2147483647;
			files = (
				9A886B151C30430800C146C6 /* LaunchScreen.storyboard in Resources */,
				9A886B121C30430800C146C6 /* Assets.xcassets in Resources */,
				9A886B101C30430800C146C6 /* Main.storyboard in Resources */,
			);
			runOnlyForDeploymentPostprocessing = 0;
		};
/* End PBXResourcesBuildPhase section */

/* Begin PBXSourcesBuildPhase section */
		9A886AFE1C30430800C146C6 /* Sources */ = {
			isa = PBXSourcesBuildPhase;
			buildActionMask = 2147483647;
			files = (
				9A886B0D1C30430800C146C6 /* ViewController.m in Sources */,
				9A886B1E1C30432A00C146C6 /* SDGallery.m in Sources */,
				9A886B211C30450100C146C6 /* SDGalleryCell.m in Sources */,
				9A886B0A1C30430800C146C6 /* AppDelegate.m in Sources */,
				9A06EE341C3133A3009AB571 /* SDGalleryTransition.m in Sources */,
				9A886B071C30430800C146C6 /* main.m in Sources */,
			);
			runOnlyForDeploymentPostprocessing = 0;
		};
/* End PBXSourcesBuildPhase section */

/* Begin PBXVariantGroup section */
		9A886B0E1C30430800C146C6 /* Main.storyboard */ = {
			isa = PBXVariantGroup;
			children = (
				9A886B0F1C30430800C146C6 /* Base */,
			);
			name = Main.storyboard;
			sourceTree = "<group>";
		};
		9A886B131C30430800C146C6 /* LaunchScreen.storyboard */ = {
			isa = PBXVariantGroup;
			children = (
				9A886B141C30430800C146C6 /* Base */,
			);
			name = LaunchScreen.storyboard;
			sourceTree = "<group>";
		};
/* End PBXVariantGroup section */

/* Begin XCBuildConfiguration section */
		9A886B171C30430800C146C6 /* Debug */ = {
			isa = XCBuildConfiguration;
			buildSettings = {
				ALWAYS_SEARCH_USER_PATHS = NO;
				CLANG_CXX_LANGUAGE_STANDARD = "gnu++0x";
				CLANG_CXX_LIBRARY = "libc++";
				CLANG_ENABLE_MODULES = YES;
				CLANG_ENABLE_OBJC_ARC = YES;
				CLANG_WARN_BOOL_CONVERSION = YES;
				CLANG_WARN_CONSTANT_CONVERSION = YES;
				CLANG_WARN_DIRECT_OBJC_ISA_USAGE = YES_ERROR;
				CLANG_WARN_EMPTY_BODY = YES;
				CLANG_WARN_ENUM_CONVERSION = YES;
				CLANG_WARN_INT_CONVERSION = YES;
				CLANG_WARN_OBJC_ROOT_CLASS = YES_ERROR;
				CLANG_WARN_UNREACHABLE_CODE = YES;
				CLANG_WARN__DUPLICATE_METHOD_MATCH = YES;
				"CODE_SIGN_IDENTITY[sdk=iphoneos*]" = "iPhone Developer";
				COPY_PHASE_STRIP = NO;
				DEBUG_INFORMATION_FORMAT = dwarf;
				ENABLE_STRICT_OBJC_MSGSEND = YES;
				ENABLE_TESTABILITY = YES;
				GCC_C_LANGUAGE_STANDARD = gnu99;
				GCC_DYNAMIC_NO_PIC = NO;
				GCC_NO_COMMON_BLOCKS = YES;
				GCC_OPTIMIZATION_LEVEL = 0;
				GCC_PREPROCESSOR_DEFINITIONS = (
					"DEBUG=1",
					"$(inherited)",
				);
				GCC_WARN_64_TO_32_BIT_CONVERSION = YES;
				GCC_WARN_ABOUT_RETURN_TYPE = YES_ERROR;
				GCC_WARN_UNDECLARED_SELECTOR = YES;
				GCC_WARN_UNINITIALIZED_AUTOS = YES_AGGRESSIVE;
				GCC_WARN_UNUSED_FUNCTION = YES;
				GCC_WARN_UNUSED_VARIABLE = YES;
				IPHONEOS_DEPLOYMENT_TARGET = 9.2;
				MTL_ENABLE_DEBUG_INFO = YES;
				ONLY_ACTIVE_ARCH = YES;
				SDKROOT = iphoneos;
			};
			name = Debug;
		};
		9A886B181C30430800C146C6 /* Release */ = {
			isa = XCBuildConfiguration;
			buildSettings = {
				ALWAYS_SEARCH_USER_PATHS = NO;
				CLANG_CXX_LANGUAGE_STANDARD = "gnu++0x";
				CLANG_CXX_LIBRARY = "libc++";
				CLANG_ENABLE_MODULES = YES;
				CLANG_ENABLE_OBJC_ARC = YES;
				CLANG_WARN_BOOL_CONVERSION = YES;
				CLANG_WARN_CONSTANT_CONVERSION = YES;
				CLANG_WARN_DIRECT_OBJC_ISA_USAGE = YES_ERROR;
				CLANG_WARN_EMPTY_BODY = YES;
				CLANG_WARN_ENUM_CONVERSION = YES;
				CLANG_WARN_INT_CONVERSION = YES;
				CLANG_WARN_OBJC_ROOT_CLASS = YES_ERROR;
				CLANG_WARN_UNREACHABLE_CODE = YES;
				CLANG_WARN__DUPLICATE_METHOD_MATCH = YES;
				"CODE_SIGN_IDENTITY[sdk=iphoneos*]" = "iPhone Developer";
				COPY_PHASE_STRIP = NO;
				DEBUG_INFORMATION_FORMAT = "dwarf-with-dsym";
				ENABLE_NS_ASSERTIONS = NO;
				ENABLE_STRICT_OBJC_MSGSEND = YES;
				GCC_C_LANGUAGE_STANDARD = gnu99;
				GCC_NO_COMMON_BLOCKS = YES;
				GCC_WARN_64_TO_32_BIT_CONVERSION = YES;
				GCC_WARN_ABOUT_RETURN_TYPE = YES_ERROR;
				GCC_WARN_UNDECLARED_SELECTOR = YES;
				GCC_WARN_UNINITIALIZED_AUTOS = YES_AGGRESSIVE;
				GCC_WARN_UNUSED_FUNCTION = YES;
				GCC_WARN_UNUSED_VARIABLE = YES;
				IPHONEOS_DEPLOYMENT_TARGET = 9.2;
				MTL_ENABLE_DEBUG_INFO = NO;
				SDKROOT = iphoneos;
				VALIDATE_PRODUCT = YES;
			};
			name = Release;
		};
		9A886B1A1C30430800C146C6 /* Debug */ = {
			isa = XCBuildConfiguration;
			buildSettings = {
				ASSETCATALOG_COMPILER_APPICON_NAME = AppIcon;
				INFOPLIST_FILE = SDGallery/Info.plist;
				LD_RUNPATH_SEARCH_PATHS = "$(inherited) @executable_path/Frameworks";
				PRODUCT_BUNDLE_IDENTIFIER = com.sebastiandobrincu.SDGallery;
				PRODUCT_NAME = "$(TARGET_NAME)";
			};
			name = Debug;
		};
		9A886B1B1C30430800C146C6 /* Release */ = {
			isa = XCBuildConfiguration;
			buildSettings = {
				ASSETCATALOG_COMPILER_APPICON_NAME = AppIcon;
				INFOPLIST_FILE = SDGallery/Info.plist;
				LD_RUNPATH_SEARCH_PATHS = "$(inherited) @executable_path/Frameworks";
				PRODUCT_BUNDLE_IDENTIFIER = com.sebastiandobrincu.SDGallery;
				PRODUCT_NAME = "$(TARGET_NAME)";
			};
			name = Release;
		};
/* End XCBuildConfiguration section */

/* Begin XCConfigurationList section */
		9A886AFD1C30430800C146C6 /* Build configuration list for PBXProject "SDGallery" */ = {
			isa = XCConfigurationList;
			buildConfigurations = (
				9A886B171C30430800C146C6 /* Debug */,
				9A886B181C30430800C146C6 /* Release */,
			);
			defaultConfigurationIsVisible = 0;
			defaultConfigurationName = Release;
		};
		9A886B191C30430800C146C6 /* Build configuration list for PBXNativeTarget "SDGallery" */ = {
			isa = XCConfigurationList;
			buildConfigurations = (
				9A886B1A1C30430800C146C6 /* Debug */,
				9A886B1B1C30430800C146C6 /* Release */,
			);
			defaultConfigurationIsVisible = 0;
			defaultConfigurationName = Release;
		};
/* End XCConfigurationList section */
	};
	rootObject = 9A886AFA1C30430800C146C6 /* Project object */;
}
